
Microsoft Visual Studio Solution File, Format Version 12.00
# Visual Studio 2013
VisualStudioVersion = 12.0.21005.1
MinimumVisualStudioVersion = 10.0.40219.1
Project("{FAE04EC0-301F-11D3-BF4B-00C04F79EFBC}") = "TameIrofText", "TameIrofText\TameIrofText.csproj", "{5791F200-57E7-4650-A5C4-C3A63EB2E8B2}"
EndProject
Project("{FAE04EC0-301F-11D3-BF4B-00C04F79EFBC}") = "Tests", "Tests\Tests.csproj", "{7CCE38D7-418A-4100-9936-27B9711960CF}"
EndProject
Global
	GlobalSection(SolutionConfigurationPlatforms) = preSolution
		Debug|Any CPU = Debug|Any CPU
		Release|Any CPU = Release|Any CPU
	EndGlobalSection
	GlobalSection(ProjectConfigurationPlatforms) = postSolution
		{5791F200-57E7-4650-A5C4-C3A63EB2E8B2}.Debug|Any CPU.ActiveCfg = Debug|Any CPU
		{5791F200-57E7-4650-A5C4-C3A63EB2E8B2}.Debug|Any CPU.Build.0 = Debug|Any CPU
		{5791F200-57E7-4650-A5C4-C3A63EB2E8B2}.Release|Any CPU.ActiveCfg = Release|Any CPU
		{5791F200-57E7-4650-A5C4-C3A63EB2E8B2}.Release|Any CPU.Build.0 = Release|Any CPU
		{7CCE38D7-418A-4100-9936-27B9711960CF}.Debug|Any CPU.ActiveCfg = Debug|Any CPU
		{7CCE38D7-418A-4100-9936-27B9711960CF}.Debug|Any CPU.Build.0 = Debug|Any CPU
		{7CCE38D7-418A-4100-9936-27B9711960CF}.Release|Any CPU.ActiveCfg = Release|Any CPU
		{7CCE38D7-418A-4100-9936-27B9711960CF}.Release|Any CPU.Build.0 = Release|Any CPU
	EndGlobalSection
	GlobalSection(SolutionProperties) = preSolution
		HideSolutionNode = FALSE
	EndGlobalSection
EndGlobal
